<?xml version="1.0" encoding="utf-8"?>
<Project ToolsVersion="4.0" xmlns="http://schemas.microsoft.com/developer/msbuild/2003">
  <ItemGroup>
    <Filter Include="Form Files">
      <UniqueIdentifier>{99349809-55BA-4b9d-BF79-8FDBB0286EB3}</UniqueIdentifier>
      <Extensions>ui</Extensions>
    </Filter>
    <Filter Include="Resource Files">
      <UniqueIdentifier>{D9D6E242-F8AF-46E4-B9FD-80ECBC20BA3E}</UniqueIdentifier>
      <Extensions>qrc;*</Extensions>
      <ParseFiles>false</ParseFiles>
    </Filter>
    <Filter Include="Generated Files">
      <UniqueIdentifier>{71ED8ED8-ACB9-4CE9-BBE1-E00B30144E11}</UniqueIdentifier>
      <Extensions>moc;h;cpp</Extensions>
      <SourceControlFiles>False</SourceControlFiles>
    </Filter>
    <Filter Include="Generated Files\Release">
      <UniqueIdentifier>{01dc1d1f-50ec-44a6-a857-64f2a1d2389d}</UniqueIdentifier>
      <Extensions>cpp;moc</Extensions>
      <SourceControlFiles>False</SourceControlFiles>
    </Filter>
    <Filter Include="Generated Files\Debug">
      <UniqueIdentifier>{ca66db0d-e81d-44ae-b404-2481562c8aa7}</UniqueIdentifier>
      <Extensions>cpp;moc</Extensions>
      <SourceControlFiles>False</SourceControlFiles>
    </Filter>
    <Filter Include="GUI">
      <UniqueIdentifier>{5111d8e6-3b23-47a7-ac9f-5b8da1e5d7e5}</UniqueIdentifier>
    </Filter>
    <Filter Include="GUI\Header">
      <UniqueIdentifier>{af28fcc6-7fd8-4ab0-97c5-7b8af905cca2}</UniqueIdentifier>
    </Filter>
    <Filter Include="GUI\Source">
      <UniqueIdentifier>{8eb54615-1368-47e3-a13b-aacb3bf1ad76}</UniqueIdentifier>
    </Filter>
    <Filter Include="Utility">
      <UniqueIdentifier>{71817613-eb0c-41fe-947b-f7b9cb8ad9e9}</UniqueIdentifier>
    </Filter>
    <Filter Include="Utility\Header">
      <UniqueIdentifier>{28a01a01-8ff9-44f1-b2f3-5b24d41072c6}</UniqueIdentifier>
    </Filter>
    <Filter Include="Utility\Source">
      <UniqueIdentifier>{402e5561-8f61-4154-819b-167d3212cb33}</UniqueIdentifier>
    </Filter>
    <Filter Include="GraphicsLibrary">
      <UniqueIdentifier>{c8c9a404-c910-47f5-8def-91ab4654ae65}</UniqueIdentifier>
    </Filter>
    <Filter Include="GraphicsLibrary\Header">
      <UniqueIdentifier>{e6583a97-2c65-4701-bd8c-7a32d01df316}</UniqueIdentifier>
    </Filter>
    <Filter Include="GraphicsLibrary\Source">
      <UniqueIdentifier>{a8096c02-8f81-4f83-b267-4c1d63ad13b3}</UniqueIdentifier>
    </Filter>
    <Filter Include="GraphicsLibrary\SurfaceMesh">
      <UniqueIdentifier>{e164964b-910f-4301-9318-8099acd4cec5}</UniqueIdentifier>
    </Filter>
    <Filter Include="Intersection">
      <UniqueIdentifier>{2f0a832d-88b6-4654-9d9c-7ec783c364ad}</UniqueIdentifier>
    </Filter>
    <Filter Include="Intersection\Source">
      <UniqueIdentifier>{939bf57d-8791-4952-b867-62328764e8a8}</UniqueIdentifier>
    </Filter>
    <Filter Include="Intersection\Header">
      <UniqueIdentifier>{4937d98d-a28f-4bd6-b6a1-9a0637ff08e5}</UniqueIdentifier>
    </Filter>
    <Filter Include="Stacker">
      <UniqueIdentifier>{c9f541c5-42a1-42a4-bdd1-b4ea57205b97}</UniqueIdentifier>
    </Filter>
    <Filter Include="Wires">
      <UniqueIdentifier>{cd35c609-af64-4474-87f9-bc0e5992d19d}</UniqueIdentifier>
    </Filter>
    <Filter Include="Generated Files\Template">
      <UniqueIdentifier>{a0126cec-ea6d-40d4-8cdc-11e18572fe32}</UniqueIdentifier>
      <Extensions>cpp;moc</Extensions>
      <SourceControlFiles>False</SourceControlFiles>
    </Filter>
    <Filter Include="Deformer">
      <UniqueIdentifier>{93db098b-d3a1-44d0-af9e-f1fa4db2a168}</UniqueIdentifier>
    </Filter>
  </ItemGroup>
  <ItemGroup>
    <ClCompile Include="GeneratedFiles\qrc_Workspace.cpp">
      <Filter>Generated Files</Filter>
    </ClCompile>
    <ClCompile Include="GeneratedFiles\Release\moc_QSurfaceMesh.cpp">
      <Filter>Generated Files\Release</Filter>
    </ClCompile>
    <ClCompile Include="GeneratedFiles\Release\moc_Scene.cpp">
      <Filter>Generated Files\Release</Filter>
    </ClCompile>
    <ClCompile Include="GeneratedFiles\Release\moc_StackerPanel.cpp">
      <Filter>Generated Files\Release</Filter>
    </ClCompile>
    <ClCompile Include="GeneratedFiles\Release\moc_WiresPanel.cpp">
      <Filter>Generated Files\Release</Filter>
    </ClCompile>
    <ClCompile Include="GeneratedFiles\Release\moc_Workspace.cpp">
      <Filter>Generated Files\Release</Filter>
    </ClCompile>
    <ClCompile Include="GeneratedFiles\Debug\moc_QSurfaceMesh.cpp">
      <Filter>Generated Files\Debug</Filter>
    </ClCompile>
    <ClCompile Include="GeneratedFiles\Debug\moc_Scene.cpp">
      <Filter>Generated Files\Debug</Filter>
    </ClCompile>
    <ClCompile Include="GeneratedFiles\Debug\moc_StackerPanel.cpp">
      <Filter>Generated Files\Debug</Filter>
    </ClCompile>
    <ClCompile Include="GeneratedFiles\Debug\moc_WiresPanel.cpp">
      <Filter>Generated Files\Debug</Filter>
    </ClCompile>
    <ClCompile Include="GeneratedFiles\Debug\moc_Workspace.cpp">
      <Filter>Generated Files\Debug</Filter>
    </ClCompile>
    <ClCompile Include="main.cpp">
      <Filter>GUI</Filter>
    </ClCompile>
    <ClCompile Include="GUI\Scene.cpp">
      <Filter>GUI\Source</Filter>
    </ClCompile>
    <ClCompile Include="Workspace.cpp">
      <Filter>GUI\Source</Filter>
    </ClCompile>
    <ClCompile Include="Utility\SimpleDraw.cpp">
      <Filter>Utility\Source</Filter>
    </ClCompile>
    <ClCompile Include="GraphicsLibrary\Sampler.cpp">
      <Filter>GraphicsLibrary\Source</Filter>
    </ClCompile>
    <ClCompile Include="GraphicsLibrary\VBO.cpp">
      <Filter>GraphicsLibrary\Source</Filter>
    </ClCompile>
    <ClCompile Include="GraphicsLibrary\SurfaceMesh\IO.cpp">
      <Filter>GraphicsLibrary\SurfaceMesh</Filter>
    </ClCompile>
    <ClCompile Include="GraphicsLibrary\SurfaceMesh\IO_obj.cpp">
      <Filter>GraphicsLibrary\SurfaceMesh</Filter>
    </ClCompile>
    <ClCompile Include="GraphicsLibrary\SurfaceMesh\IO_off.cpp">
      <Filter>GraphicsLibrary\SurfaceMesh</Filter>
    </ClCompile>
    <ClCompile Include="GraphicsLibrary\SurfaceMesh\IO_stl.cpp">
      <Filter>GraphicsLibrary\SurfaceMesh</Filter>
    </ClCompile>
    <ClCompile Include="GraphicsLibrary\SurfaceMesh\QSurfaceMesh.cpp">
      <Filter>GraphicsLibrary\SurfaceMesh</Filter>
    </ClCompile>
    <ClCompile Include="GraphicsLibrary\SurfaceMesh\Surface_mesh.cpp">
      <Filter>GraphicsLibrary\SurfaceMesh</Filter>
    </ClCompile>
    <ClCompile Include="GraphicsLibrary\BoundingBox.cpp">
      <Filter>Intersection\Source</Filter>
    </ClCompile>
    <ClCompile Include="Utility\kdtree.cpp">
      <Filter>Intersection\Source</Filter>
    </ClCompile>
    <ClCompile Include="GraphicsLibrary\Octree.cpp">
      <Filter>Intersection\Source</Filter>
    </ClCompile>
    <ClCompile Include="Stacker\StackerPanel.cpp">
      <Filter>Stacker</Filter>
    </ClCompile>
    <ClCompile Include="Wires\AnalyzeWires.cpp">
      <Filter>Wires</Filter>
    </ClCompile>
    <ClCompile Include="Wires\Wire.cpp">
      <Filter>Wires</Filter>
    </ClCompile>
    <ClCompile Include="Wires\WiresPanel.cpp">
      <Filter>Wires</Filter>
    </ClCompile>
    <ClCompile Include="Stacker\Stacker.cpp">
      <Filter>Stacker</Filter>
    </ClCompile>
    <ClCompile Include="Stacker\Offset.cpp">
      <Filter>Stacker</Filter>
    </ClCompile>
    <ClCompile Include="Utility\ColorMap.cpp">
      <Filter>Utility\Source</Filter>
    </ClCompile>
    <ClCompile Include="Wires\Ridges.cpp">
      <Filter>Wires</Filter>
    </ClCompile>
    <ClCompile Include="GraphicsLibrary\SurfaceMesh\Curvature.cpp">
      <Filter>GraphicsLibrary\SurfaceMesh</Filter>
    </ClCompile>
    <ClCompile Include="Stacker\StackerPreview.cpp">
      <Filter>Stacker</Filter>
    </ClCompile>
    <ClCompile Include="GeneratedFiles\Debug\moc_StackerPreview.cpp">
      <Filter>Generated Files\Debug</Filter>
    </ClCompile>
    <ClCompile Include="GeneratedFiles\Release\moc_StackerPreview.cpp">
      <Filter>Generated Files\Release</Filter>
    </ClCompile>
    <ClCompile Include="GeneratedFiles\Template\moc_StackerPreview.cpp">
      <Filter>Generated Files\Template</Filter>
    </ClCompile>
    <ClCompile Include="GraphicsLibrary\Monge_via_jet_fitting.cpp">
      <Filter>GraphicsLibrary\Source</Filter>
    </ClCompile>
    <ClCompile Include="GUI\QMeshManager.cpp">
      <Filter>GUI\Source</Filter>
    </ClCompile>
    <ClCompile Include="Deformer\DeformerPanel.cpp">
      <Filter>Deformer</Filter>
    </ClCompile>
    <ClCompile Include="GeneratedFiles\Debug\moc_DeformerPanel.cpp">
      <Filter>Generated Files\Debug</Filter>
    </ClCompile>
    <ClCompile Include="GeneratedFiles\Release\moc_DeformerPanel.cpp">
      <Filter>Generated Files\Release</Filter>
    </ClCompile>
    <ClCompile Include="GeneratedFiles\Template\moc_DeformerPanel.cpp">
      <Filter>Generated Files\Template</Filter>
    </ClCompile>
    <ClCompile Include="Deformer\FFD.cpp">
      <Filter>Deformer</Filter>
    </ClCompile>
    <ClCompile Include="Deformer\QFFD.cpp">
      <Filter>Deformer</Filter>
    </ClCompile>
    <ClCompile Include="GeneratedFiles\Debug\moc_QFFD.cpp">
      <Filter>Generated Files\Debug</Filter>
    </ClCompile>
    <ClCompile Include="GeneratedFiles\Release\moc_QFFD.cpp">
      <Filter>Generated Files\Release</Filter>
    </ClCompile>
    <ClCompile Include="GeneratedFiles\Template\moc_QFFD.cpp">
      <Filter>Generated Files\Template</Filter>
    </ClCompile>
    <ClCompile Include="GeneratedFiles\Debug\moc_QControlPoint.cpp">
      <Filter>Generated Files\Debug</Filter>
    </ClCompile>
    <ClCompile Include="GeneratedFiles\Release\moc_QControlPoint.cpp">
      <Filter>Generated Files\Release</Filter>
    </ClCompile>
    <ClCompile Include="GeneratedFiles\Template\moc_QControlPoint.cpp">
      <Filter>Generated Files\Template</Filter>
    </ClCompile>
  </ItemGroup>
  <ItemGroup>
    <ClInclude Include="GeneratedFiles\ui_StackerWidget.h">
      <Filter>Generated Files</Filter>
    </ClInclude>
    <ClInclude Include="GeneratedFiles\ui_WiresWidget.h">
      <Filter>Generated Files</Filter>
    </ClInclude>
    <ClInclude Include="GeneratedFiles\ui_Workspace.h">
      <Filter>Generated Files</Filter>
    </ClInclude>
    <ClInclude Include="Utility\Graph.h">
      <Filter>Utility\Header</Filter>
    </ClInclude>
    <ClInclude Include="Utility\HashTable.h">
      <Filter>Utility\Header</Filter>
    </ClInclude>
    <ClInclude Include="Utility\Macros.h">
      <Filter>Utility\Header</Filter>
    </ClInclude>
    <ClInclude Include="Utility\OpenMeshGL.h">
      <Filter>Utility\Header</Filter>
    </ClInclude>
    <ClInclude Include="Utility\SimpleDraw.h">
      <Filter>Utility\Header</Filter>
    </ClInclude>
    <ClInclude Include="GraphicsLibrary\Sampler.h">
      <Filter>GraphicsLibrary\Header</Filter>
    </ClInclude>
    <ClInclude Include="GraphicsLibrary\VBO.h">
      <Filter>GraphicsLibrary\Header</Filter>
    </ClInclude>
    <ClInclude Include="GraphicsLibrary\Voxel.h">
      <Filter>GraphicsLibrary\Header</Filter>
    </ClInclude>
    <ClInclude Include="GraphicsLibrary\SurfaceMesh\IO.h">
      <Filter>GraphicsLibrary\SurfaceMesh</Filter>
    </ClInclude>
    <ClInclude Include="GraphicsLibrary\SurfaceMesh\properties.h">
      <Filter>GraphicsLibrary\SurfaceMesh</Filter>
    </ClInclude>
    <ClInclude Include="GraphicsLibrary\SurfaceMesh\Quadric.h">
      <Filter>GraphicsLibrary\SurfaceMesh</Filter>
    </ClInclude>
    <ClInclude Include="GraphicsLibrary\SurfaceMesh\Surface_mesh.h">
      <Filter>GraphicsLibrary\SurfaceMesh</Filter>
    </ClInclude>
    <ClInclude Include="GraphicsLibrary\SurfaceMesh\Vector.h">
      <Filter>GraphicsLibrary\SurfaceMesh</Filter>
    </ClInclude>
    <ClInclude Include="GraphicsLibrary\BoundingBox.h">
      <Filter>Intersection\Header</Filter>
    </ClInclude>
    <ClInclude Include="GraphicsLibrary\Intersection.h">
      <Filter>Intersection\Header</Filter>
    </ClInclude>
    <ClInclude Include="Utility\kdtree.h">
      <Filter>Intersection\Header</Filter>
    </ClInclude>
    <ClInclude Include="GraphicsLibrary\Octree.h">
      <Filter>Intersection\Header</Filter>
    </ClInclude>
    <ClInclude Include="Wires\AnalyzeWires.h">
      <Filter>Wires</Filter>
    </ClInclude>
    <ClInclude Include="Wires\SimpleEdge.h">
      <Filter>Wires</Filter>
    </ClInclude>
    <ClInclude Include="Wires\Wire.h">
      <Filter>Wires</Filter>
    </ClInclude>
    <ClInclude Include="Stacker\Stacker.h">
      <Filter>Stacker</Filter>
    </ClInclude>
    <ClInclude Include="Stacker\Offset.h">
      <Filter>Stacker</Filter>
    </ClInclude>
    <ClInclude Include="Utility\ColorMap.h">
      <Filter>Utility\Header</Filter>
    </ClInclude>
    <ClInclude Include="Wires\Ridges.h">
      <Filter>Wires</Filter>
    </ClInclude>
    <ClInclude Include="GraphicsLibrary\SurfaceMesh\Curvature.h">
      <Filter>GraphicsLibrary\SurfaceMesh</Filter>
    </ClInclude>
    <ClInclude Include="GraphicsLibrary\Monge_via_jet_fitting.h">
      <Filter>GraphicsLibrary\Header</Filter>
    </ClInclude>
    <ClInclude Include="GUI\QMeshManager.h">
      <Filter>GUI\Header</Filter>
    </ClInclude>
    <ClInclude Include="GeneratedFiles\ui_DeformerWidget.h">
      <Filter>Generated Files</Filter>
    </ClInclude>
    <ClInclude Include="Deformer\FFD.h">
      <Filter>Deformer</Filter>
    </ClInclude>
  </ItemGroup>
  <ItemGroup>
    <ResourceCompile Include="Workspace.rc" />
  </ItemGroup>
  <ItemGroup>
    <CustomBuild Include="Workspace.ui">
      <Filter>Form Files</Filter>
    </CustomBuild>
    <CustomBuild Include="Workspace.qrc">
      <Filter>Resource Files</Filter>
    </CustomBuild>
    <CustomBuild Include="GUI\Scene.h">
      <Filter>GUI\Header</Filter>
    </CustomBuild>
    <CustomBuild Include="Workspace.h">
      <Filter>GUI\Header</Filter>
    </CustomBuild>
    <CustomBuild Include="GraphicsLibrary\SurfaceMesh\QSurfaceMesh.h">
      <Filter>GraphicsLibrary\SurfaceMesh</Filter>
    </CustomBuild>
    <CustomBuild Include="Stacker\StackerPanel.h">
      <Filter>Stacker</Filter>
    </CustomBuild>
    <CustomBuild Include="Stacker\StackerWidget.ui">
      <Filter>Stacker</Filter>
    </CustomBuild>
    <CustomBuild Include="Wires\WiresPanel.h">
      <Filter>Wires</Filter>
    </CustomBuild>
    <CustomBuild Include="Wires\WiresWidget.ui">
      <Filter>Wires</Filter>
    </CustomBuild>
    <CustomBuild Include="Stacker\StackerPreview.h">
      <Filter>Stacker</Filter>
    </CustomBuild>
    <CustomBuild Include="Deformer\DeformerWidget.ui">
      <Filter>Deformer</Filter>
    </CustomBuild>
    <CustomBuild Include="Deformer\DeformerPanel.h">
      <Filter>Deformer</Filter>
    </CustomBuild>
    <CustomBuild Include="Deformer\QFFD.h">
      <Filter>Deformer</Filter>
    </CustomBuild>
    <CustomBuild Include="Deformer\QControlPoint.h">
      <Filter>Deformer</Filter>
    </CustomBuild>
  </ItemGroup>
</Project>